
Microsoft Visual Studio Solution File, Format Version 12.00
# Visual Studio 15
VisualStudioVersion = 15.0.27130.2027
MinimumVisualStudioVersion = 10.0.40219.1
Project("{FAE04EC0-301F-11D3-BF4B-00C04F79EFBC}") = "ExamScheduler", "ExamScheduler\ExamScheduler.csproj", "{8DF865D6-B949-497B-A267-3E0190A38646}"
EndProject
Global
	GlobalSection(SolutionConfigurationPlatforms) = preSolution
		Debug|Any CPU = Debug|Any CPU
		Release|Any CPU = Release|Any CPU
	EndGlobalSection
	GlobalSection(ProjectConfigurationPlatforms) = postSolution
		{8DF865D6-B949-497B-A267-3E0190A38646}.Debug|Any CPU.ActiveCfg = Debug|Any CPU
		{8DF865D6-B949-497B-A267-3E0190A38646}.Debug|Any CPU.Build.0 = Debug|Any CPU
		{8DF865D6-B949-497B-A267-3E0190A38646}.Release|Any CPU.ActiveCfg = Release|Any CPU
		{8DF865D6-B949-497B-A267-3E0190A38646}.Release|Any CPU.Build.0 = Release|Any CPU
	EndGlobalSection
	GlobalSection(SolutionProperties) = preSolution
		HideSolutionNode = FALSE
	EndGlobalSection
	GlobalSection(ExtensibilityGlobals) = postSolution
		SolutionGuid = {1D9D9F67-77C3-44B6-A488-CA64CCEB6520}
	EndGlobalSection
EndGlobal
